{
  "originHash" : "74ce4fdb273bbf25aaa3e0faa4e31f0568f6bc8e996b7a189d58a4ef684436aa",
  "pins" : [
    {
      "identity" : "scrollkit",
      "kind" : "remoteSourceControl",
      "location" : "https://github.com/danielsaidi/ScrollKit.git",
      "state" : {
        "revision" : "7c9530ceda4c9717679d7a483d77753eeb5acccf",
        "version" : "0.5.0"
      }
    },
    {
      "identity" : "swiftui-cached-async-image",
      "kind" : "remoteSourceControl",
      "location" : "https://github.com/lorenzofiamingo/swiftui-cached-async-image",
      "state" : {
        "revision" : "467a3d17479887943ab917a379e62bbaff60ac8a",
        "version" : "2.1.1"
      }
    },
    {
      "identity" : "swiftui-shimmer",
      "kind" : "remoteSourceControl",
      "location" : "https://github.com/markiv/SwiftUI-Shimmer",
      "state" : {
        "revision" : "5659a623567cefe258d1e3e67cb65585fbb6ecb6",
        "version" : "1.4.2"
      }
    }
  ],
  "version" : 3
}
