// !$*UTF8*$!
{
	archiveVersion = 1;
	classes = {
	};
	objectVersion = 56;
	objects = {

/* Begin PBXBuildFile section */
		BD71A2012B225E0A001E5377 /* LoreOfLegends.swift in Sources */ = {isa = PBXBuildFile; fileRef = BD71A2002B225E0A001E5377 /* LoreOfLegends.swift */; };
		BD71A2032B225E0A001E5377 /* ContentView.swift in Sources */ = {isa = PBXBuildFile; fileRef = BD71A2022B225E0A001E5377 /* ContentView.swift */; };
		BD71A2052B225E0B001E5377 /* Assets.xcassets in Resources */ = {isa = PBXBuildFile; fileRef = BD71A2042B225E0B001E5377 /* Assets.xcassets */; };
		BD71A2082B225E0B001E5377 /* Preview Assets.xcassets in Resources */ = {isa = PBXBuildFile; fileRef = BD71A2072B225E0B001E5377 /* Preview Assets.xcassets */; };
		BD71A2362B2265BB001E5377 /* Typography.swift in Sources */ = {isa = PBXBuildFile; fileRef = BD71A2352B2265BB001E5377 /* Typography.swift */; };
		BD71A2392B2265D5001E5377 /* CachedAsyncImage in Frameworks */ = {isa = PBXBuildFile; productRef = BD71A2382B2265D5001E5377 /* CachedAsyncImage */; };
		BD71A23B2B2265EB001E5377 /* URLCache+ext.swift in Sources */ = {isa = PBXBuildFile; fileRef = BD71A23A2B2265EB001E5377 /* URLCache+ext.swift */; };
		BD71A23D2B22666C001E5377 /* Constants.swift in Sources */ = {isa = PBXBuildFile; fileRef = BD71A23C2B22666C001E5377 /* Constants.swift */; };
/* End PBXBuildFile section */

/* Begin PBXFileReference section */
		BD71A1FD2B225E0A001E5377 /* LoreOfLegends.app */ = {isa = PBXFileReference; explicitFileType = wrapper.application; includeInIndex = 0; path = LoreOfLegends.app; sourceTree = BUILT_PRODUCTS_DIR; };
		BD71A2002B225E0A001E5377 /* LoreOfLegends.swift */ = {isa = PBXFileReference; lastKnownFileType = sourcecode.swift; path = LoreOfLegends.swift; sourceTree = "<group>"; };
		BD71A2022B225E0A001E5377 /* ContentView.swift */ = {isa = PBXFileReference; lastKnownFileType = sourcecode.swift; path = ContentView.swift; sourceTree = "<group>"; };
		BD71A2042B225E0B001E5377 /* Assets.xcassets */ = {isa = PBXFileReference; lastKnownFileType = folder.assetcatalog; path = Assets.xcassets; sourceTree = "<group>"; };
		BD71A2072B225E0B001E5377 /* Preview Assets.xcassets */ = {isa = PBXFileReference; lastKnownFileType = folder.assetcatalog; path = "Preview Assets.xcassets"; sourceTree = "<group>"; };
		BD71A2352B2265BB001E5377 /* Typography.swift */ = {isa = PBXFileReference; lastKnownFileType = sourcecode.swift; path = Typography.swift; sourceTree = "<group>"; };
		BD71A23A2B2265EB001E5377 /* URLCache+ext.swift */ = {isa = PBXFileReference; lastKnownFileType = sourcecode.swift; path = "URLCache+ext.swift"; sourceTree = "<group>"; };
		BD71A23C2B22666C001E5377 /* Constants.swift */ = {isa = PBXFileReference; lastKnownFileType = sourcecode.swift; path = Constants.swift; sourceTree = "<group>"; };
/* End PBXFileReference section */

/* Begin PBXFrameworksBuildPhase section */
		BD71A1FA2B225E0A001E5377 /* Frameworks */ = {
			isa = PBXFrameworksBuildPhase;
			buildActionMask = 2147483647;
			files = (
				BD71A2392B2265D5001E5377 /* CachedAsyncImage in Frameworks */,
			);
			runOnlyForDeploymentPostprocessing = 0;
		};
/* End PBXFrameworksBuildPhase section */

/* Begin PBXGroup section */
		BD71A1F42B225E0A001E5377 = {
			isa = PBXGroup;
			children = (
				BD71A1FF2B225E0A001E5377 /* LoreOfLegends */,
				BD71A1FE2B225E0A001E5377 /* Products */,
			);
			sourceTree = "<group>";
		};
		BD71A1FE2B225E0A001E5377 /* Products */ = {
			isa = PBXGroup;
			children = (
				BD71A1FD2B225E0A001E5377 /* LoreOfLegends.app */,
			);
			name = Products;
			sourceTree = "<group>";
		};
		BD71A1FF2B225E0A001E5377 /* LoreOfLegends */ = {
			isa = PBXGroup;
			children = (
				BD71A2002B225E0A001E5377 /* LoreOfLegends.swift */,
				BD71A20E2B2260EF001E5377 /* Models */,
				BD71A20F2B2260F6001E5377 /* Views */,
				BD71A2102B2260FD001E5377 /* ViewModels */,
				BD71A2122B226121001E5377 /* Helpers */,
				BD71A2112B226107001E5377 /* Fonts */,
				BD71A2042B225E0B001E5377 /* Assets.xcassets */,
				BD71A2062B225E0B001E5377 /* Preview Content */,
			);
			path = LoreOfLegends;
			sourceTree = "<group>";
		};
		BD71A2062B225E0B001E5377 /* Preview Content */ = {
			isa = PBXGroup;
			children = (
				BD71A2072B225E0B001E5377 /* Preview Assets.xcassets */,
			);
			path = "Preview Content";
			sourceTree = "<group>";
		};
		BD71A20E2B2260EF001E5377 /* Models */ = {
			isa = PBXGroup;
			children = (
			);
			path = Models;
			sourceTree = "<group>";
		};
		BD71A20F2B2260F6001E5377 /* Views */ = {
			isa = PBXGroup;
			children = (
				BD71A2022B225E0A001E5377 /* ContentView.swift */,
			);
			path = Views;
			sourceTree = "<group>";
		};
		BD71A2102B2260FD001E5377 /* ViewModels */ = {
			isa = PBXGroup;
			children = (
			);
			path = ViewModels;
			sourceTree = "<group>";
		};
		BD71A2112B226107001E5377 /* Fonts */ = {
			isa = PBXGroup;
			children = (
			);
			path = Fonts;
			sourceTree = "<group>";
		};
		BD71A2122B226121001E5377 /* Helpers */ = {
			isa = PBXGroup;
			children = (
				BD71A2352B2265BB001E5377 /* Typography.swift */,
				BD71A23A2B2265EB001E5377 /* URLCache+ext.swift */,
				BD71A23C2B22666C001E5377 /* Constants.swift */,
			);
			path = Helpers;
			sourceTree = "<group>";
		};
/* End PBXGroup section */

/* Begin PBXNativeTarget section */
		BD71A1FC2B225E0A001E5377 /* LoreOfLegends */ = {
			isa = PBXNativeTarget;
			buildConfigurationList = BD71A20B2B225E0B001E5377 /* Build configuration list for PBXNativeTarget "LoreOfLegends" */;
			buildPhases = (
				BD71A1F92B225E0A001E5377 /* Sources */,
				BD71A1FA2B225E0A001E5377 /* Frameworks */,
				BD71A1FB2B225E0A001E5377 /* Resources */,
			);
			buildRules = (
			);
			dependencies = (
			);
			name = LoreOfLegends;
			packageProductDependencies = (
				BD71A2382B2265D5001E5377 /* CachedAsyncImage */,
			);
			productName = LoreOfLegends;
			productReference = BD71A1FD2B225E0A001E5377 /* LoreOfLegends.app */;
			productType = "com.apple.product-type.application";
		};
/* End PBXNativeTarget section */

/* Begin PBXProject section */
		BD71A1F52B225E0A001E5377 /* Project object */ = {
			isa = PBXProject;
			attributes = {
				BuildIndependentTargetsInParallel = 1;
				LastSwiftUpdateCheck = 1500;
				LastUpgradeCheck = 1500;
				TargetAttributes = {
					BD71A1FC2B225E0A001E5377 = {
						CreatedOnToolsVersion = 15.0;
					};
				};
			};
			buildConfigurationList = BD71A1F82B225E0A001E5377 /* Build configuration list for PBXProject "LoreOfLegends" */;
			compatibilityVersion = "Xcode 14.0";
			developmentRegion = en;
			hasScannedForEncodings = 0;
			knownRegions = (
				en,
				Base,
			);
			mainGroup = BD71A1F42B225E0A001E5377;
			packageReferences = (
				BD71A2372B2265D5001E5377 /* XCRemoteSwiftPackageReference "swiftui-cached-async-image" */,
			);
			productRefGroup = BD71A1FE2B225E0A001E5377 /* Products */;
			projectDirPath = "";
			projectRoot = "";
			targets = (
				BD71A1FC2B225E0A001E5377 /* LoreOfLegends */,
			);
		};
/* End PBXProject section */

/* Begin PBXResourcesBuildPhase section */
		BD71A1FB2B225E0A001E5377 /* Resources */ = {
			isa = PBXResourcesBuildPhase;
			buildActionMask = 2147483647;
			files = (
				BD71A2082B225E0B001E5377 /* Preview Assets.xcassets in Resources */,
				BD71A2052B225E0B001E5377 /* Assets.xcassets in Resources */,
			);
			runOnlyForDeploymentPostprocessing = 0;
		};
/* End PBXResourcesBuildPhase section */

/* Begin PBXSourcesBuildPhase section */
		BD71A1F92B225E0A001E5377 /* Sources */ = {
			isa = PBXSourcesBuildPhase;
			buildActionMask = 2147483647;
			files = (
				BD71A23D2B22666C001E5377 /* Constants.swift in Sources */,
				BD71A23B2B2265EB001E5377 /* URLCache+ext.swift in Sources */,
				BD71A2032B225E0A001E5377 /* ContentView.swift in Sources */,
				BD71A2362B2265BB001E5377 /* Typography.swift in Sources */,
				BD71A2012B225E0A001E5377 /* LoreOfLegends.swift in Sources */,
			);
			runOnlyForDeploymentPostprocessing = 0;
		};
/* End PBXSourcesBuildPhase section */

/* Begin XCBuildConfiguration section */
		BD71A2092B225E0B001E5377 /* Debug */ = {
			isa = XCBuildConfiguration;
			buildSettings = {
				ALWAYS_SEARCH_USER_PATHS = NO;
				ASSETCATALOG_COMPILER_GENERATE_SWIFT_ASSET_SYMBOL_EXTENSIONS = YES;
				CLANG_ANALYZER_NONNULL = YES;
				CLANG_ANALYZER_NUMBER_OBJECT_CONVERSION = YES_AGGRESSIVE;
				CLANG_CXX_LANGUAGE_STANDARD = "gnu++20";
				CLANG_ENABLE_MODULES = YES;
				CLANG_ENABLE_OBJC_ARC = YES;
				CLANG_ENABLE_OBJC_WEAK = YES;
				CLANG_WARN_BLOCK_CAPTURE_AUTORELEASING = YES;
				CLANG_WARN_BOOL_CONVERSION = YES;
				CLANG_WARN_COMMA = YES;
				CLANG_WARN_CONSTANT_CONVERSION = YES;
				CLANG_WARN_DEPRECATED_OBJC_IMPLEMENTATIONS = YES;
				CLANG_WARN_DIRECT_OBJC_ISA_USAGE = YES_ERROR;
				CLANG_WARN_DOCUMENTATION_COMMENTS = YES;
				CLANG_WARN_EMPTY_BODY = YES;
				CLANG_WARN_ENUM_CONVERSION = YES;
				CLANG_WARN_INFINITE_RECURSION = YES;
				CLANG_WARN_INT_CONVERSION = YES;
				CLANG_WARN_NON_LITERAL_NULL_CONVERSION = YES;
				CLANG_WARN_OBJC_IMPLICIT_RETAIN_SELF = YES;
				CLANG_WARN_OBJC_LITERAL_CONVERSION = YES;
				CLANG_WARN_OBJC_ROOT_CLASS = YES_ERROR;
				CLANG_WARN_QUOTED_INCLUDE_IN_FRAMEWORK_HEADER = YES;
				CLANG_WARN_RANGE_LOOP_ANALYSIS = YES;
				CLANG_WARN_STRICT_PROTOTYPES = YES;
				CLANG_WARN_SUSPICIOUS_MOVE = YES;
				CLANG_WARN_UNGUARDED_AVAILABILITY = YES_AGGRESSIVE;
				CLANG_WARN_UNREACHABLE_CODE = YES;
				CLANG_WARN__DUPLICATE_METHOD_MATCH = YES;
				COPY_PHASE_STRIP = NO;
				DEBUG_INFORMATION_FORMAT = dwarf;
				ENABLE_STRICT_OBJC_MSGSEND = YES;
				ENABLE_TESTABILITY = YES;
				ENABLE_USER_SCRIPT_SANDBOXING = YES;
				GCC_C_LANGUAGE_STANDARD = gnu17;
				GCC_DYNAMIC_NO_PIC = NO;
				GCC_NO_COMMON_BLOCKS = YES;
				GCC_OPTIMIZATION_LEVEL = 0;
				GCC_PREPROCESSOR_DEFINITIONS = (
					"DEBUG=1",
					"$(inherited)",
				);
				GCC_WARN_64_TO_32_BIT_CONVERSION = YES;
				GCC_WARN_ABOUT_RETURN_TYPE = YES_ERROR;
				GCC_WARN_UNDECLARED_SELECTOR = YES;
				GCC_WARN_UNINITIALIZED_AUTOS = YES_AGGRESSIVE;
				GCC_WARN_UNUSED_FUNCTION = YES;
				GCC_WARN_UNUSED_VARIABLE = YES;
				IPHONEOS_DEPLOYMENT_TARGET = 17.0;
				LOCALIZATION_PREFERS_STRING_CATALOGS = YES;
				MTL_ENABLE_DEBUG_INFO = INCLUDE_SOURCE;
				MTL_FAST_MATH = YES;
				ONLY_ACTIVE_ARCH = YES;
				SDKROOT = iphoneos;
				SWIFT_ACTIVE_COMPILATION_CONDITIONS = "DEBUG $(inherited)";
				SWIFT_OPTIMIZATION_LEVEL = "-Onone";
			};
			name = Debug;
		};
		BD71A20A2B225E0B001E5377 /* Release */ = {
			isa = XCBuildConfiguration;
			buildSettings = {
				ALWAYS_SEARCH_USER_PATHS = NO;
				ASSETCATALOG_COMPILER_GENERATE_SWIFT_ASSET_SYMBOL_EXTENSIONS = YES;
				CLANG_ANALYZER_NONNULL = YES;
				CLANG_ANALYZER_NUMBER_OBJECT_CONVERSION = YES_AGGRESSIVE;
				CLANG_CXX_LANGUAGE_STANDARD = "gnu++20";
				CLANG_ENABLE_MODULES = YES;
				CLANG_ENABLE_OBJC_ARC = YES;
				CLANG_ENABLE_OBJC_WEAK = YES;
				CLANG_WARN_BLOCK_CAPTURE_AUTORELEASING = YES;
				CLANG_WARN_BOOL_CONVERSION = YES;
				CLANG_WARN_COMMA = YES;
				CLANG_WARN_CONSTANT_CONVERSION = YES;
				CLANG_WARN_DEPRECATED_OBJC_IMPLEMENTATIONS = YES;
				CLANG_WARN_DIRECT_OBJC_ISA_USAGE = YES_ERROR;
				CLANG_WARN_DOCUMENTATION_COMMENTS = YES;
				CLANG_WARN_EMPTY_BODY = YES;
				CLANG_WARN_ENUM_CONVERSION = YES;
				CLANG_WARN_INFINITE_RECURSION = YES;
				CLANG_WARN_INT_CONVERSION = YES;
				CLANG_WARN_NON_LITERAL_NULL_CONVERSION = YES;
				CLANG_WARN_OBJC_IMPLICIT_RETAIN_SELF = YES;
				CLANG_WARN_OBJC_LITERAL_CONVERSION = YES;
				CLANG_WARN_OBJC_ROOT_CLASS = YES_ERROR;
				CLANG_WARN_QUOTED_INCLUDE_IN_FRAMEWORK_HEADER = YES;
				CLANG_WARN_RANGE_LOOP_ANALYSIS = YES;
				CLANG_WARN_STRICT_PROTOTYPES = YES;
				CLANG_WARN_SUSPICIOUS_MOVE = YES;
				CLANG_WARN_UNGUARDED_AVAILABILITY = YES_AGGRESSIVE;
				CLANG_WARN_UNREACHABLE_CODE = YES;
				CLANG_WARN__DUPLICATE_METHOD_MATCH = YES;
				COPY_PHASE_STRIP = NO;
				DEBUG_INFORMATION_FORMAT = "dwarf-with-dsym";
				ENABLE_NS_ASSERTIONS = NO;
				ENABLE_STRICT_OBJC_MSGSEND = YES;
				ENABLE_USER_SCRIPT_SANDBOXING = YES;
				GCC_C_LANGUAGE_STANDARD = gnu17;
				GCC_NO_COMMON_BLOCKS = YES;
				GCC_WARN_64_TO_32_BIT_CONVERSION = YES;
				GCC_WARN_ABOUT_RETURN_TYPE = YES_ERROR;
				GCC_WARN_UNDECLARED_SELECTOR = YES;
				GCC_WARN_UNINITIALIZED_AUTOS = YES_AGGRESSIVE;
				GCC_WARN_UNUSED_FUNCTION = YES;
				GCC_WARN_UNUSED_VARIABLE = YES;
				IPHONEOS_DEPLOYMENT_TARGET = 17.0;
				LOCALIZATION_PREFERS_STRING_CATALOGS = YES;
				MTL_ENABLE_DEBUG_INFO = NO;
				MTL_FAST_MATH = YES;
				SDKROOT = iphoneos;
				SWIFT_COMPILATION_MODE = wholemodule;
				VALIDATE_PRODUCT = YES;
			};
			name = Release;
		};
		BD71A20C2B225E0B001E5377 /* Debug */ = {
			isa = XCBuildConfiguration;
			buildSettings = {
				ASSETCATALOG_COMPILER_APPICON_NAME = AppIcon;
				ASSETCATALOG_COMPILER_GLOBAL_ACCENT_COLOR_NAME = AccentColor;
				CODE_SIGN_STYLE = Automatic;
				CURRENT_PROJECT_VERSION = 1;
				DEVELOPMENT_ASSET_PATHS = "\"LoreOfLegends/Preview Content\"";
				DEVELOPMENT_TEAM = 3GK85Y429W;
				ENABLE_PREVIEWS = YES;
				GENERATE_INFOPLIST_FILE = YES;
				INFOPLIST_KEY_UIApplicationSceneManifest_Generation = YES;
				INFOPLIST_KEY_UIApplicationSupportsIndirectInputEvents = YES;
				INFOPLIST_KEY_UILaunchScreen_Generation = YES;
				INFOPLIST_KEY_UISupportedInterfaceOrientations = UIInterfaceOrientationPortrait;
				LD_RUNPATH_SEARCH_PATHS = (
					"$(inherited)",
					"@executable_path/Frameworks",
				);
				MARKETING_VERSION = 1.0;
				PRODUCT_BUNDLE_IDENTIFIER = "com.peter-mihok.LoreOfLegends";
				PRODUCT_NAME = "$(TARGET_NAME)";
				SUPPORTED_PLATFORMS = "iphoneos iphonesimulator";
				SUPPORTS_MACCATALYST = NO;
				SUPPORTS_MAC_DESIGNED_FOR_IPHONE_IPAD = NO;
				SWIFT_EMIT_LOC_STRINGS = YES;
				SWIFT_VERSION = 5.0;
				TARGETED_DEVICE_FAMILY = 1;
			};
			name = Debug;
		};
		BD71A20D2B225E0B001E5377 /* Release */ = {
			isa = XCBuildConfiguration;
			buildSettings = {
				ASSETCATALOG_COMPILER_APPICON_NAME = AppIcon;
				ASSETCATALOG_COMPILER_GLOBAL_ACCENT_COLOR_NAME = AccentColor;
				CODE_SIGN_STYLE = Automatic;
				CURRENT_PROJECT_VERSION = 1;
				DEVELOPMENT_ASSET_PATHS = "\"LoreOfLegends/Preview Content\"";
				DEVELOPMENT_TEAM = 3GK85Y429W;
				ENABLE_PREVIEWS = YES;
				GENERATE_INFOPLIST_FILE = YES;
				INFOPLIST_KEY_UIApplicationSceneManifest_Generation = YES;
				INFOPLIST_KEY_UIApplicationSupportsIndirectInputEvents = YES;
				INFOPLIST_KEY_UILaunchScreen_Generation = YES;
				INFOPLIST_KEY_UISupportedInterfaceOrientations = UIInterfaceOrientationPortrait;
				LD_RUNPATH_SEARCH_PATHS = (
					"$(inherited)",
					"@executable_path/Frameworks",
				);
				MARKETING_VERSION = 1.0;
				PRODUCT_BUNDLE_IDENTIFIER = "com.peter-mihok.LoreOfLegends";
				PRODUCT_NAME = "$(TARGET_NAME)";
				SUPPORTED_PLATFORMS = "iphoneos iphonesimulator";
				SUPPORTS_MACCATALYST = NO;
				SUPPORTS_MAC_DESIGNED_FOR_IPHONE_IPAD = NO;
				SWIFT_EMIT_LOC_STRINGS = YES;
				SWIFT_VERSION = 5.0;
				TARGETED_DEVICE_FAMILY = 1;
			};
			name = Release;
		};
/* End XCBuildConfiguration section */

/* Begin XCConfigurationList section */
		BD71A1F82B225E0A001E5377 /* Build configuration list for PBXProject "LoreOfLegends" */ = {
			isa = XCConfigurationList;
			buildConfigurations = (
				BD71A2092B225E0B001E5377 /* Debug */,
				BD71A20A2B225E0B001E5377 /* Release */,
			);
			defaultConfigurationIsVisible = 0;
			defaultConfigurationName = Release;
		};
		BD71A20B2B225E0B001E5377 /* Build configuration list for PBXNativeTarget "LoreOfLegends" */ = {
			isa = XCConfigurationList;
			buildConfigurations = (
				BD71A20C2B225E0B001E5377 /* Debug */,
				BD71A20D2B225E0B001E5377 /* Release */,
			);
			defaultConfigurationIsVisible = 0;
			defaultConfigurationName = Release;
		};
/* End XCConfigurationList section */

/* Begin XCRemoteSwiftPackageReference section */
		BD71A2372B2265D5001E5377 /* XCRemoteSwiftPackageReference "swiftui-cached-async-image" */ = {
			isa = XCRemoteSwiftPackageReference;
			repositoryURL = "https://github.com/lorenzofiamingo/swiftui-cached-async-image";
			requirement = {
				kind = upToNextMajorVersion;
				minimumVersion = 2.1.1;
			};
		};
/* End XCRemoteSwiftPackageReference section */

/* Begin XCSwiftPackageProductDependency section */
		BD71A2382B2265D5001E5377 /* CachedAsyncImage */ = {
			isa = XCSwiftPackageProductDependency;
			package = BD71A2372B2265D5001E5377 /* XCRemoteSwiftPackageReference "swiftui-cached-async-image" */;
			productName = CachedAsyncImage;
		};
/* End XCSwiftPackageProductDependency section */
	};
	rootObject = BD71A1F52B225E0A001E5377 /* Project object */;
}
