// !$*UTF8*$!
{
	archiveVersion = 1;
	classes = {
	};
	objectVersion = 56;
	objects = {

/* Begin PBXBuildFile section */
		BD24270E2B46C52200C68E40 /* DetailTitleLabelStyle.swift in Sources */ = {isa = PBXBuildFile; fileRef = BD24270D2B46C52200C68E40 /* DetailTitleLabelStyle.swift */; };
		BD3AA6E42B29F76700DFD78A /* ScrollKit in Frameworks */ = {isa = PBXBuildFile; productRef = BD3AA6E32B29F76700DFD78A /* ScrollKit */; };
		BD607CAA2B31AE6200B38591 /* Launch Screen.storyboard in Resources */ = {isa = PBXBuildFile; fileRef = BD607CA92B31AE6200B38591 /* Launch Screen.storyboard */; };
		BD6DD1682B27019E001ADBB4 /* BeaufortforLOL-Medium.otf in Resources */ = {isa = PBXBuildFile; fileRef = BD6DD15E2B27019E001ADBB4 /* BeaufortforLOL-Medium.otf */; };
		BD6DD1692B27019E001ADBB4 /* BeaufortforLOL-BoldItalic.otf in Resources */ = {isa = PBXBuildFile; fileRef = BD6DD15F2B27019E001ADBB4 /* BeaufortforLOL-BoldItalic.otf */; };
		BD6DD16A2B27019E001ADBB4 /* BeaufortforLOL-MediumItalic.otf in Resources */ = {isa = PBXBuildFile; fileRef = BD6DD1602B27019E001ADBB4 /* BeaufortforLOL-MediumItalic.otf */; };
		BD6DD16B2B27019E001ADBB4 /* BeaufortforLOL-Regular.otf in Resources */ = {isa = PBXBuildFile; fileRef = BD6DD1612B27019E001ADBB4 /* BeaufortforLOL-Regular.otf */; };
		BD6DD16C2B27019E001ADBB4 /* BeaufortforLOL-HeavyItalic.otf in Resources */ = {isa = PBXBuildFile; fileRef = BD6DD1622B27019E001ADBB4 /* BeaufortforLOL-HeavyItalic.otf */; };
		BD6DD16D2B27019E001ADBB4 /* BeaufortforLOL-LightItalic.otf in Resources */ = {isa = PBXBuildFile; fileRef = BD6DD1632B27019E001ADBB4 /* BeaufortforLOL-LightItalic.otf */; };
		BD6DD16E2B27019E001ADBB4 /* BeaufortforLOL-Heavy.otf in Resources */ = {isa = PBXBuildFile; fileRef = BD6DD1642B27019E001ADBB4 /* BeaufortforLOL-Heavy.otf */; };
		BD6DD16F2B27019E001ADBB4 /* BeaufortforLOL-Bold.otf in Resources */ = {isa = PBXBuildFile; fileRef = BD6DD1652B27019E001ADBB4 /* BeaufortforLOL-Bold.otf */; };
		BD6DD1702B27019E001ADBB4 /* BeaufortforLOL-Light.otf in Resources */ = {isa = PBXBuildFile; fileRef = BD6DD1662B27019E001ADBB4 /* BeaufortforLOL-Light.otf */; };
		BD6DD1712B27019E001ADBB4 /* BeaufortforLOL-Italic.otf in Resources */ = {isa = PBXBuildFile; fileRef = BD6DD1672B27019E001ADBB4 /* BeaufortforLOL-Italic.otf */; };
		BD6DD1792B2701A4001ADBB4 /* Spiegel-BoldItalic.otf in Resources */ = {isa = PBXBuildFile; fileRef = BD6DD1732B2701A4001ADBB4 /* Spiegel-BoldItalic.otf */; };
		BD6DD17A2B2701A4001ADBB4 /* Spiegel-Bold.otf in Resources */ = {isa = PBXBuildFile; fileRef = BD6DD1742B2701A4001ADBB4 /* Spiegel-Bold.otf */; };
		BD6DD17B2B2701A4001ADBB4 /* Spiegel-RegularItalic.otf in Resources */ = {isa = PBXBuildFile; fileRef = BD6DD1752B2701A4001ADBB4 /* Spiegel-RegularItalic.otf */; };
		BD6DD17C2B2701A4001ADBB4 /* Spiegel-SemiBold.otf in Resources */ = {isa = PBXBuildFile; fileRef = BD6DD1762B2701A4001ADBB4 /* Spiegel-SemiBold.otf */; };
		BD6DD17D2B2701A4001ADBB4 /* Spiegel-SemiBoldItalic.otf in Resources */ = {isa = PBXBuildFile; fileRef = BD6DD1772B2701A4001ADBB4 /* Spiegel-SemiBoldItalic.otf */; };
		BD6DD17E2B2701A4001ADBB4 /* Spiegel-Regular.otf in Resources */ = {isa = PBXBuildFile; fileRef = BD6DD1782B2701A4001ADBB4 /* Spiegel-Regular.otf */; };
		BD71A2012B225E0A001E5377 /* LoreOfLegends.swift in Sources */ = {isa = PBXBuildFile; fileRef = BD71A2002B225E0A001E5377 /* LoreOfLegends.swift */; };
		BD71A2052B225E0B001E5377 /* Assets.xcassets in Resources */ = {isa = PBXBuildFile; fileRef = BD71A2042B225E0B001E5377 /* Assets.xcassets */; };
		BD71A2082B225E0B001E5377 /* Preview Assets.xcassets in Resources */ = {isa = PBXBuildFile; fileRef = BD71A2072B225E0B001E5377 /* Preview Assets.xcassets */; };
		BD71A2362B2265BB001E5377 /* Typography.swift in Sources */ = {isa = PBXBuildFile; fileRef = BD71A2352B2265BB001E5377 /* Typography.swift */; };
		BD71A2392B2265D5001E5377 /* CachedAsyncImage in Frameworks */ = {isa = PBXBuildFile; productRef = BD71A2382B2265D5001E5377 /* CachedAsyncImage */; };
		BD71A23B2B2265EB001E5377 /* URLCache+ext.swift in Sources */ = {isa = PBXBuildFile; fileRef = BD71A23A2B2265EB001E5377 /* URLCache+ext.swift */; };
		BD71A23D2B22666C001E5377 /* Constants.swift in Sources */ = {isa = PBXBuildFile; fileRef = BD71A23C2B22666C001E5377 /* Constants.swift */; };
		BD71A23F2B2266C0001E5377 /* VersionViewModel.swift in Sources */ = {isa = PBXBuildFile; fileRef = BD71A23E2B2266C0001E5377 /* VersionViewModel.swift */; };
		BD71A2412B2266E0001E5377 /* ChampionDetailViewModel.swift in Sources */ = {isa = PBXBuildFile; fileRef = BD71A2402B2266E0001E5377 /* ChampionDetailViewModel.swift */; };
		BD71A2432B2266F7001E5377 /* ChampionViewModel.swift in Sources */ = {isa = PBXBuildFile; fileRef = BD71A2422B2266F7001E5377 /* ChampionViewModel.swift */; };
		BD71A2452B226708001E5377 /* String+ext.swift in Sources */ = {isa = PBXBuildFile; fileRef = BD71A2442B226708001E5377 /* String+ext.swift */; };
		BD71A2472B22672F001E5377 /* ChampionData.swift in Sources */ = {isa = PBXBuildFile; fileRef = BD71A2462B22672F001E5377 /* ChampionData.swift */; };
		BD71A2492B22674B001E5377 /* Champion.swift in Sources */ = {isa = PBXBuildFile; fileRef = BD71A2482B22674B001E5377 /* Champion.swift */; };
		BD71A24B2B226782001E5377 /* ChampionsView.swift in Sources */ = {isa = PBXBuildFile; fileRef = BD71A24A2B226782001E5377 /* ChampionsView.swift */; };
		BD71A24F2B2267CF001E5377 /* ChampionGridView.swift in Sources */ = {isa = PBXBuildFile; fileRef = BD71A24E2B2267CF001E5377 /* ChampionGridView.swift */; };
		BD71A2512B2267F1001E5377 /* ChampionDetailView.swift in Sources */ = {isa = PBXBuildFile; fileRef = BD71A2502B2267F1001E5377 /* ChampionDetailView.swift */; };
		BD71A2532B226844001E5377 /* TabView+ext.swift in Sources */ = {isa = PBXBuildFile; fileRef = BD71A2522B226844001E5377 /* TabView+ext.swift */; };
		BD71A2582B226873001E5377 /* ChampionGridCell.swift in Sources */ = {isa = PBXBuildFile; fileRef = BD71A2572B226873001E5377 /* ChampionGridCell.swift */; };
		BD902FB82B2B76D800CE53C9 /* Shimmer in Frameworks */ = {isa = PBXBuildFile; productRef = BD902FB72B2B76D800CE53C9 /* Shimmer */; };
		BD902FBC2B2B8B1D00CE53C9 /* SampleCell.swift in Sources */ = {isa = PBXBuildFile; fileRef = BD902FBB2B2B8B1D00CE53C9 /* SampleCell.swift */; };
		BDCB4D222B319D1D00FCBA4F /* LOLError.swift in Sources */ = {isa = PBXBuildFile; fileRef = BDCB4D212B319D1D00FCBA4F /* LOLError.swift */; };
		BDCDC1432B31DF4B00472E2F /* AlphabeticallySortedChampionsView.swift in Sources */ = {isa = PBXBuildFile; fileRef = BDCDC1422B31DF4B00472E2F /* AlphabeticallySortedChampionsView.swift */; };
		BDCDC1452B31E09B00472E2F /* SearchedChampionView.swift in Sources */ = {isa = PBXBuildFile; fileRef = BDCDC1442B31E09B00472E2F /* SearchedChampionView.swift */; };
/* End PBXBuildFile section */

/* Begin PBXFileReference section */
		BD24270D2B46C52200C68E40 /* DetailTitleLabelStyle.swift */ = {isa = PBXFileReference; lastKnownFileType = sourcecode.swift; path = DetailTitleLabelStyle.swift; sourceTree = "<group>"; };
		BD607CA92B31AE6200B38591 /* Launch Screen.storyboard */ = {isa = PBXFileReference; lastKnownFileType = file.storyboard; path = "Launch Screen.storyboard"; sourceTree = "<group>"; };
		BD6DD15E2B27019E001ADBB4 /* BeaufortforLOL-Medium.otf */ = {isa = PBXFileReference; lastKnownFileType = file; path = "BeaufortforLOL-Medium.otf"; sourceTree = "<group>"; };
		BD6DD15F2B27019E001ADBB4 /* BeaufortforLOL-BoldItalic.otf */ = {isa = PBXFileReference; lastKnownFileType = file; path = "BeaufortforLOL-BoldItalic.otf"; sourceTree = "<group>"; };
		BD6DD1602B27019E001ADBB4 /* BeaufortforLOL-MediumItalic.otf */ = {isa = PBXFileReference; lastKnownFileType = file; path = "BeaufortforLOL-MediumItalic.otf"; sourceTree = "<group>"; };
		BD6DD1612B27019E001ADBB4 /* BeaufortforLOL-Regular.otf */ = {isa = PBXFileReference; lastKnownFileType = file; path = "BeaufortforLOL-Regular.otf"; sourceTree = "<group>"; };
		BD6DD1622B27019E001ADBB4 /* BeaufortforLOL-HeavyItalic.otf */ = {isa = PBXFileReference; lastKnownFileType = file; path = "BeaufortforLOL-HeavyItalic.otf"; sourceTree = "<group>"; };
		BD6DD1632B27019E001ADBB4 /* BeaufortforLOL-LightItalic.otf */ = {isa = PBXFileReference; lastKnownFileType = file; path = "BeaufortforLOL-LightItalic.otf"; sourceTree = "<group>"; };
		BD6DD1642B27019E001ADBB4 /* BeaufortforLOL-Heavy.otf */ = {isa = PBXFileReference; lastKnownFileType = file; path = "BeaufortforLOL-Heavy.otf"; sourceTree = "<group>"; };
		BD6DD1652B27019E001ADBB4 /* BeaufortforLOL-Bold.otf */ = {isa = PBXFileReference; lastKnownFileType = file; path = "BeaufortforLOL-Bold.otf"; sourceTree = "<group>"; };
		BD6DD1662B27019E001ADBB4 /* BeaufortforLOL-Light.otf */ = {isa = PBXFileReference; lastKnownFileType = file; path = "BeaufortforLOL-Light.otf"; sourceTree = "<group>"; };
		BD6DD1672B27019E001ADBB4 /* BeaufortforLOL-Italic.otf */ = {isa = PBXFileReference; lastKnownFileType = file; path = "BeaufortforLOL-Italic.otf"; sourceTree = "<group>"; };
		BD6DD1732B2701A4001ADBB4 /* Spiegel-BoldItalic.otf */ = {isa = PBXFileReference; lastKnownFileType = file; path = "Spiegel-BoldItalic.otf"; sourceTree = "<group>"; };
		BD6DD1742B2701A4001ADBB4 /* Spiegel-Bold.otf */ = {isa = PBXFileReference; lastKnownFileType = file; path = "Spiegel-Bold.otf"; sourceTree = "<group>"; };
		BD6DD1752B2701A4001ADBB4 /* Spiegel-RegularItalic.otf */ = {isa = PBXFileReference; lastKnownFileType = file; path = "Spiegel-RegularItalic.otf"; sourceTree = "<group>"; };
		BD6DD1762B2701A4001ADBB4 /* Spiegel-SemiBold.otf */ = {isa = PBXFileReference; lastKnownFileType = file; path = "Spiegel-SemiBold.otf"; sourceTree = "<group>"; };
		BD6DD1772B2701A4001ADBB4 /* Spiegel-SemiBoldItalic.otf */ = {isa = PBXFileReference; lastKnownFileType = file; path = "Spiegel-SemiBoldItalic.otf"; sourceTree = "<group>"; };
		BD6DD1782B2701A4001ADBB4 /* Spiegel-Regular.otf */ = {isa = PBXFileReference; lastKnownFileType = file; path = "Spiegel-Regular.otf"; sourceTree = "<group>"; };
		BD71A1FD2B225E0A001E5377 /* LoreOfLegends.app */ = {isa = PBXFileReference; explicitFileType = wrapper.application; includeInIndex = 0; path = LoreOfLegends.app; sourceTree = BUILT_PRODUCTS_DIR; };
		BD71A2002B225E0A001E5377 /* LoreOfLegends.swift */ = {isa = PBXFileReference; lastKnownFileType = sourcecode.swift; path = LoreOfLegends.swift; sourceTree = "<group>"; };
		BD71A2042B225E0B001E5377 /* Assets.xcassets */ = {isa = PBXFileReference; lastKnownFileType = folder.assetcatalog; path = Assets.xcassets; sourceTree = "<group>"; };
		BD71A2072B225E0B001E5377 /* Preview Assets.xcassets */ = {isa = PBXFileReference; lastKnownFileType = folder.assetcatalog; path = "Preview Assets.xcassets"; sourceTree = "<group>"; };
		BD71A2352B2265BB001E5377 /* Typography.swift */ = {isa = PBXFileReference; lastKnownFileType = sourcecode.swift; path = Typography.swift; sourceTree = "<group>"; };
		BD71A23A2B2265EB001E5377 /* URLCache+ext.swift */ = {isa = PBXFileReference; lastKnownFileType = sourcecode.swift; path = "URLCache+ext.swift"; sourceTree = "<group>"; };
		BD71A23C2B22666C001E5377 /* Constants.swift */ = {isa = PBXFileReference; lastKnownFileType = sourcecode.swift; path = Constants.swift; sourceTree = "<group>"; };
		BD71A23E2B2266C0001E5377 /* VersionViewModel.swift */ = {isa = PBXFileReference; lastKnownFileType = sourcecode.swift; path = VersionViewModel.swift; sourceTree = "<group>"; };
		BD71A2402B2266E0001E5377 /* ChampionDetailViewModel.swift */ = {isa = PBXFileReference; lastKnownFileType = sourcecode.swift; path = ChampionDetailViewModel.swift; sourceTree = "<group>"; };
		BD71A2422B2266F7001E5377 /* ChampionViewModel.swift */ = {isa = PBXFileReference; lastKnownFileType = sourcecode.swift; path = ChampionViewModel.swift; sourceTree = "<group>"; };
		BD71A2442B226708001E5377 /* String+ext.swift */ = {isa = PBXFileReference; lastKnownFileType = sourcecode.swift; path = "String+ext.swift"; sourceTree = "<group>"; };
		BD71A2462B22672F001E5377 /* ChampionData.swift */ = {isa = PBXFileReference; lastKnownFileType = sourcecode.swift; path = ChampionData.swift; sourceTree = "<group>"; };
		BD71A2482B22674B001E5377 /* Champion.swift */ = {isa = PBXFileReference; lastKnownFileType = sourcecode.swift; path = Champion.swift; sourceTree = "<group>"; };
		BD71A24A2B226782001E5377 /* ChampionsView.swift */ = {isa = PBXFileReference; lastKnownFileType = sourcecode.swift; path = ChampionsView.swift; sourceTree = "<group>"; };
		BD71A24E2B2267CF001E5377 /* ChampionGridView.swift */ = {isa = PBXFileReference; lastKnownFileType = sourcecode.swift; path = ChampionGridView.swift; sourceTree = "<group>"; };
		BD71A2502B2267F1001E5377 /* ChampionDetailView.swift */ = {isa = PBXFileReference; lastKnownFileType = sourcecode.swift; path = ChampionDetailView.swift; sourceTree = "<group>"; };
		BD71A2522B226844001E5377 /* TabView+ext.swift */ = {isa = PBXFileReference; lastKnownFileType = sourcecode.swift; path = "TabView+ext.swift"; sourceTree = "<group>"; };
		BD71A2572B226873001E5377 /* ChampionGridCell.swift */ = {isa = PBXFileReference; lastKnownFileType = sourcecode.swift; path = ChampionGridCell.swift; sourceTree = "<group>"; };
		BD902FBB2B2B8B1D00CE53C9 /* SampleCell.swift */ = {isa = PBXFileReference; lastKnownFileType = sourcecode.swift; path = SampleCell.swift; sourceTree = "<group>"; };
		BDCB4D212B319D1D00FCBA4F /* LOLError.swift */ = {isa = PBXFileReference; lastKnownFileType = sourcecode.swift; path = LOLError.swift; sourceTree = "<group>"; };
		BDCDC1422B31DF4B00472E2F /* AlphabeticallySortedChampionsView.swift */ = {isa = PBXFileReference; lastKnownFileType = sourcecode.swift; path = AlphabeticallySortedChampionsView.swift; sourceTree = "<group>"; };
		BDCDC1442B31E09B00472E2F /* SearchedChampionView.swift */ = {isa = PBXFileReference; lastKnownFileType = sourcecode.swift; path = SearchedChampionView.swift; sourceTree = "<group>"; };
/* End PBXFileReference section */

/* Begin PBXFrameworksBuildPhase section */
		BD71A1FA2B225E0A001E5377 /* Frameworks */ = {
			isa = PBXFrameworksBuildPhase;
			buildActionMask = 2147483647;
			files = (
				BD902FB82B2B76D800CE53C9 /* Shimmer in Frameworks */,
				BD3AA6E42B29F76700DFD78A /* ScrollKit in Frameworks */,
				BD71A2392B2265D5001E5377 /* CachedAsyncImage in Frameworks */,
			);
			runOnlyForDeploymentPostprocessing = 0;
		};
/* End PBXFrameworksBuildPhase section */

/* Begin PBXGroup section */
		BD6DD15D2B27019E001ADBB4 /* BeaufortForLoL-OTF */ = {
			isa = PBXGroup;
			children = (
				BD6DD15E2B27019E001ADBB4 /* BeaufortforLOL-Medium.otf */,
				BD6DD15F2B27019E001ADBB4 /* BeaufortforLOL-BoldItalic.otf */,
				BD6DD1602B27019E001ADBB4 /* BeaufortforLOL-MediumItalic.otf */,
				BD6DD1612B27019E001ADBB4 /* BeaufortforLOL-Regular.otf */,
				BD6DD1622B27019E001ADBB4 /* BeaufortforLOL-HeavyItalic.otf */,
				BD6DD1632B27019E001ADBB4 /* BeaufortforLOL-LightItalic.otf */,
				BD6DD1642B27019E001ADBB4 /* BeaufortforLOL-Heavy.otf */,
				BD6DD1652B27019E001ADBB4 /* BeaufortforLOL-Bold.otf */,
				BD6DD1662B27019E001ADBB4 /* BeaufortforLOL-Light.otf */,
				BD6DD1672B27019E001ADBB4 /* BeaufortforLOL-Italic.otf */,
			);
			path = "BeaufortForLoL-OTF";
			sourceTree = "<group>";
		};
		BD6DD1722B2701A4001ADBB4 /* Spiegel-OTF */ = {
			isa = PBXGroup;
			children = (
				BD6DD1732B2701A4001ADBB4 /* Spiegel-BoldItalic.otf */,
				BD6DD1742B2701A4001ADBB4 /* Spiegel-Bold.otf */,
				BD6DD1752B2701A4001ADBB4 /* Spiegel-RegularItalic.otf */,
				BD6DD1762B2701A4001ADBB4 /* Spiegel-SemiBold.otf */,
				BD6DD1772B2701A4001ADBB4 /* Spiegel-SemiBoldItalic.otf */,
				BD6DD1782B2701A4001ADBB4 /* Spiegel-Regular.otf */,
			);
			path = "Spiegel-OTF";
			sourceTree = "<group>";
		};
		BD71A1F42B225E0A001E5377 = {
			isa = PBXGroup;
			children = (
				BD71A1FF2B225E0A001E5377 /* LoreOfLegends */,
				BD71A1FE2B225E0A001E5377 /* Products */,
			);
			sourceTree = "<group>";
		};
		BD71A1FE2B225E0A001E5377 /* Products */ = {
			isa = PBXGroup;
			children = (
				BD71A1FD2B225E0A001E5377 /* LoreOfLegends.app */,
			);
			name = Products;
			sourceTree = "<group>";
		};
		BD71A1FF2B225E0A001E5377 /* LoreOfLegends */ = {
			isa = PBXGroup;
			children = (
				BD71A2002B225E0A001E5377 /* LoreOfLegends.swift */,
				BD71A20E2B2260EF001E5377 /* Models */,
				BD71A20F2B2260F6001E5377 /* Views */,
				BD71A2102B2260FD001E5377 /* ViewModels */,
				BD71A2122B226121001E5377 /* Helpers */,
				BD71A2112B226107001E5377 /* Fonts */,
				BD71A2042B225E0B001E5377 /* Assets.xcassets */,
				BD71A2062B225E0B001E5377 /* Preview Content */,
				BD607CA92B31AE6200B38591 /* Launch Screen.storyboard */,
			);
			path = LoreOfLegends;
			sourceTree = "<group>";
		};
		BD71A2062B225E0B001E5377 /* Preview Content */ = {
			isa = PBXGroup;
			children = (
				BD71A2072B225E0B001E5377 /* Preview Assets.xcassets */,
			);
			path = "Preview Content";
			sourceTree = "<group>";
		};
		BD71A20E2B2260EF001E5377 /* Models */ = {
			isa = PBXGroup;
			children = (
				BD71A2462B22672F001E5377 /* ChampionData.swift */,
				BD71A2482B22674B001E5377 /* Champion.swift */,
				BDCB4D212B319D1D00FCBA4F /* LOLError.swift */,
			);
			path = Models;
			sourceTree = "<group>";
		};
		BD71A20F2B2260F6001E5377 /* Views */ = {
			isa = PBXGroup;
			children = (
				BD71A2542B22685E001E5377 /* Cells */,
				BD71A24A2B226782001E5377 /* ChampionsView.swift */,
				BD71A24E2B2267CF001E5377 /* ChampionGridView.swift */,
				BD71A2502B2267F1001E5377 /* ChampionDetailView.swift */,
				BDCDC1422B31DF4B00472E2F /* AlphabeticallySortedChampionsView.swift */,
				BDCDC1442B31E09B00472E2F /* SearchedChampionView.swift */,
			);
			path = Views;
			sourceTree = "<group>";
		};
		BD71A2102B2260FD001E5377 /* ViewModels */ = {
			isa = PBXGroup;
			children = (
				BD71A23E2B2266C0001E5377 /* VersionViewModel.swift */,
				BD71A2402B2266E0001E5377 /* ChampionDetailViewModel.swift */,
				BD71A2422B2266F7001E5377 /* ChampionViewModel.swift */,
			);
			path = ViewModels;
			sourceTree = "<group>";
		};
		BD71A2112B226107001E5377 /* Fonts */ = {
			isa = PBXGroup;
			children = (
				BD6DD1722B2701A4001ADBB4 /* Spiegel-OTF */,
				BD6DD15D2B27019E001ADBB4 /* BeaufortForLoL-OTF */,
			);
			path = Fonts;
			sourceTree = "<group>";
		};
		BD71A2122B226121001E5377 /* Helpers */ = {
			isa = PBXGroup;
			children = (
				BD71A2352B2265BB001E5377 /* Typography.swift */,
				BD71A23A2B2265EB001E5377 /* URLCache+ext.swift */,
				BD71A23C2B22666C001E5377 /* Constants.swift */,
				BD71A2442B226708001E5377 /* String+ext.swift */,
				BD71A2522B226844001E5377 /* TabView+ext.swift */,
				BD24270D2B46C52200C68E40 /* DetailTitleLabelStyle.swift */,
			);
			path = Helpers;
			sourceTree = "<group>";
		};
		BD71A2542B22685E001E5377 /* Cells */ = {
			isa = PBXGroup;
			children = (
				BD71A2572B226873001E5377 /* ChampionGridCell.swift */,
				BD902FBB2B2B8B1D00CE53C9 /* SampleCell.swift */,
			);
			path = Cells;
			sourceTree = "<group>";
		};
/* End PBXGroup section */

/* Begin PBXNativeTarget section */
		BD71A1FC2B225E0A001E5377 /* LoreOfLegends */ = {
			isa = PBXNativeTarget;
			buildConfigurationList = BD71A20B2B225E0B001E5377 /* Build configuration list for PBXNativeTarget "LoreOfLegends" */;
			buildPhases = (
				BD71A1F92B225E0A001E5377 /* Sources */,
				BD71A1FA2B225E0A001E5377 /* Frameworks */,
				BD71A1FB2B225E0A001E5377 /* Resources */,
			);
			buildRules = (
			);
			dependencies = (
			);
			name = LoreOfLegends;
			packageProductDependencies = (
				BD71A2382B2265D5001E5377 /* CachedAsyncImage */,
				BD3AA6E32B29F76700DFD78A /* ScrollKit */,
				BD902FB72B2B76D800CE53C9 /* Shimmer */,
			);
			productName = LoreOfLegends;
			productReference = BD71A1FD2B225E0A001E5377 /* LoreOfLegends.app */;
			productType = "com.apple.product-type.application";
		};
/* End PBXNativeTarget section */

/* Begin PBXProject section */
		BD71A1F52B225E0A001E5377 /* Project object */ = {
			isa = PBXProject;
			attributes = {
				BuildIndependentTargetsInParallel = 1;
				LastSwiftUpdateCheck = 1500;
				LastUpgradeCheck = 1500;
				TargetAttributes = {
					BD71A1FC2B225E0A001E5377 = {
						CreatedOnToolsVersion = 15.0;
					};
				};
			};
			buildConfigurationList = BD71A1F82B225E0A001E5377 /* Build configuration list for PBXProject "LoreOfLegends" */;
			compatibilityVersion = "Xcode 14.0";
			developmentRegion = en;
			hasScannedForEncodings = 0;
			knownRegions = (
				en,
				Base,
			);
			mainGroup = BD71A1F42B225E0A001E5377;
			packageReferences = (
				BD71A2372B2265D5001E5377 /* XCRemoteSwiftPackageReference "swiftui-cached-async-image" */,
				BD3AA6E22B29F76700DFD78A /* XCRemoteSwiftPackageReference "ScrollKit" */,
				BD902FB62B2B76D800CE53C9 /* XCRemoteSwiftPackageReference "SwiftUI-Shimmer" */,
			);
			productRefGroup = BD71A1FE2B225E0A001E5377 /* Products */;
			projectDirPath = "";
			projectRoot = "";
			targets = (
				BD71A1FC2B225E0A001E5377 /* LoreOfLegends */,
			);
		};
/* End PBXProject section */

/* Begin PBXResourcesBuildPhase section */
		BD71A1FB2B225E0A001E5377 /* Resources */ = {
			isa = PBXResourcesBuildPhase;
			buildActionMask = 2147483647;
			files = (
				BD6DD17C2B2701A4001ADBB4 /* Spiegel-SemiBold.otf in Resources */,
				BD6DD16A2B27019E001ADBB4 /* BeaufortforLOL-MediumItalic.otf in Resources */,
				BD71A2082B225E0B001E5377 /* Preview Assets.xcassets in Resources */,
				BD6DD16E2B27019E001ADBB4 /* BeaufortforLOL-Heavy.otf in Resources */,
				BD6DD1682B27019E001ADBB4 /* BeaufortforLOL-Medium.otf in Resources */,
				BD6DD16C2B27019E001ADBB4 /* BeaufortforLOL-HeavyItalic.otf in Resources */,
				BD6DD1702B27019E001ADBB4 /* BeaufortforLOL-Light.otf in Resources */,
				BD6DD1692B27019E001ADBB4 /* BeaufortforLOL-BoldItalic.otf in Resources */,
				BD607CAA2B31AE6200B38591 /* Launch Screen.storyboard in Resources */,
				BD6DD1792B2701A4001ADBB4 /* Spiegel-BoldItalic.otf in Resources */,
				BD6DD16F2B27019E001ADBB4 /* BeaufortforLOL-Bold.otf in Resources */,
				BD6DD17E2B2701A4001ADBB4 /* Spiegel-Regular.otf in Resources */,
				BD6DD17B2B2701A4001ADBB4 /* Spiegel-RegularItalic.otf in Resources */,
				BD6DD16B2B27019E001ADBB4 /* BeaufortforLOL-Regular.otf in Resources */,
				BD6DD17A2B2701A4001ADBB4 /* Spiegel-Bold.otf in Resources */,
				BD6DD1712B27019E001ADBB4 /* BeaufortforLOL-Italic.otf in Resources */,
				BD6DD16D2B27019E001ADBB4 /* BeaufortforLOL-LightItalic.otf in Resources */,
				BD6DD17D2B2701A4001ADBB4 /* Spiegel-SemiBoldItalic.otf in Resources */,
				BD71A2052B225E0B001E5377 /* Assets.xcassets in Resources */,
			);
			runOnlyForDeploymentPostprocessing = 0;
		};
/* End PBXResourcesBuildPhase section */

/* Begin PBXSourcesBuildPhase section */
		BD71A1F92B225E0A001E5377 /* Sources */ = {
			isa = PBXSourcesBuildPhase;
			buildActionMask = 2147483647;
			files = (
				BD71A24F2B2267CF001E5377 /* ChampionGridView.swift in Sources */,
				BD71A23D2B22666C001E5377 /* Constants.swift in Sources */,
				BD71A2452B226708001E5377 /* String+ext.swift in Sources */,
				BD71A23F2B2266C0001E5377 /* VersionViewModel.swift in Sources */,
				BD71A24B2B226782001E5377 /* ChampionsView.swift in Sources */,
				BDCDC1432B31DF4B00472E2F /* AlphabeticallySortedChampionsView.swift in Sources */,
				BD71A23B2B2265EB001E5377 /* URLCache+ext.swift in Sources */,
				BD71A2512B2267F1001E5377 /* ChampionDetailView.swift in Sources */,
				BD24270E2B46C52200C68E40 /* DetailTitleLabelStyle.swift in Sources */,
				BD71A2362B2265BB001E5377 /* Typography.swift in Sources */,
				BD71A2532B226844001E5377 /* TabView+ext.swift in Sources */,
				BD71A2432B2266F7001E5377 /* ChampionViewModel.swift in Sources */,
				BD71A2012B225E0A001E5377 /* LoreOfLegends.swift in Sources */,
				BDCDC1452B31E09B00472E2F /* SearchedChampionView.swift in Sources */,
				BDCB4D222B319D1D00FCBA4F /* LOLError.swift in Sources */,
				BD71A2582B226873001E5377 /* ChampionGridCell.swift in Sources */,
				BD71A2472B22672F001E5377 /* ChampionData.swift in Sources */,
				BD71A2412B2266E0001E5377 /* ChampionDetailViewModel.swift in Sources */,
				BD71A2492B22674B001E5377 /* Champion.swift in Sources */,
				BD902FBC2B2B8B1D00CE53C9 /* SampleCell.swift in Sources */,
			);
			runOnlyForDeploymentPostprocessing = 0;
		};
/* End PBXSourcesBuildPhase section */

/* Begin XCBuildConfiguration section */
		BD71A2092B225E0B001E5377 /* Debug */ = {
			isa = XCBuildConfiguration;
			buildSettings = {
				ALWAYS_SEARCH_USER_PATHS = NO;
				ASSETCATALOG_COMPILER_GENERATE_SWIFT_ASSET_SYMBOL_EXTENSIONS = YES;
				CLANG_ANALYZER_NONNULL = YES;
				CLANG_ANALYZER_NUMBER_OBJECT_CONVERSION = YES_AGGRESSIVE;
				CLANG_CXX_LANGUAGE_STANDARD = "gnu++20";
				CLANG_ENABLE_MODULES = YES;
				CLANG_ENABLE_OBJC_ARC = YES;
				CLANG_ENABLE_OBJC_WEAK = YES;
				CLANG_WARN_BLOCK_CAPTURE_AUTORELEASING = YES;
				CLANG_WARN_BOOL_CONVERSION = YES;
				CLANG_WARN_COMMA = YES;
				CLANG_WARN_CONSTANT_CONVERSION = YES;
				CLANG_WARN_DEPRECATED_OBJC_IMPLEMENTATIONS = YES;
				CLANG_WARN_DIRECT_OBJC_ISA_USAGE = YES_ERROR;
				CLANG_WARN_DOCUMENTATION_COMMENTS = YES;
				CLANG_WARN_EMPTY_BODY = YES;
				CLANG_WARN_ENUM_CONVERSION = YES;
				CLANG_WARN_INFINITE_RECURSION = YES;
				CLANG_WARN_INT_CONVERSION = YES;
				CLANG_WARN_NON_LITERAL_NULL_CONVERSION = YES;
				CLANG_WARN_OBJC_IMPLICIT_RETAIN_SELF = YES;
				CLANG_WARN_OBJC_LITERAL_CONVERSION = YES;
				CLANG_WARN_OBJC_ROOT_CLASS = YES_ERROR;
				CLANG_WARN_QUOTED_INCLUDE_IN_FRAMEWORK_HEADER = YES;
				CLANG_WARN_RANGE_LOOP_ANALYSIS = YES;
				CLANG_WARN_STRICT_PROTOTYPES = YES;
				CLANG_WARN_SUSPICIOUS_MOVE = YES;
				CLANG_WARN_UNGUARDED_AVAILABILITY = YES_AGGRESSIVE;
				CLANG_WARN_UNREACHABLE_CODE = YES;
				CLANG_WARN__DUPLICATE_METHOD_MATCH = YES;
				COPY_PHASE_STRIP = NO;
				DEBUG_INFORMATION_FORMAT = dwarf;
				ENABLE_STRICT_OBJC_MSGSEND = YES;
				ENABLE_TESTABILITY = YES;
				ENABLE_USER_SCRIPT_SANDBOXING = YES;
				GCC_C_LANGUAGE_STANDARD = gnu17;
				GCC_DYNAMIC_NO_PIC = NO;
				GCC_NO_COMMON_BLOCKS = YES;
				GCC_OPTIMIZATION_LEVEL = 0;
				GCC_PREPROCESSOR_DEFINITIONS = (
					"DEBUG=1",
					"$(inherited)",
				);
				GCC_WARN_64_TO_32_BIT_CONVERSION = YES;
				GCC_WARN_ABOUT_RETURN_TYPE = YES_ERROR;
				GCC_WARN_UNDECLARED_SELECTOR = YES;
				GCC_WARN_UNINITIALIZED_AUTOS = YES_AGGRESSIVE;
				GCC_WARN_UNUSED_FUNCTION = YES;
				GCC_WARN_UNUSED_VARIABLE = YES;
				IPHONEOS_DEPLOYMENT_TARGET = 17.0;
				LOCALIZATION_PREFERS_STRING_CATALOGS = YES;
				MTL_ENABLE_DEBUG_INFO = INCLUDE_SOURCE;
				MTL_FAST_MATH = YES;
				ONLY_ACTIVE_ARCH = YES;
				SDKROOT = iphoneos;
				SWIFT_ACTIVE_COMPILATION_CONDITIONS = "DEBUG $(inherited)";
				SWIFT_OPTIMIZATION_LEVEL = "-Onone";
			};
			name = Debug;
		};
		BD71A20A2B225E0B001E5377 /* Release */ = {
			isa = XCBuildConfiguration;
			buildSettings = {
				ALWAYS_SEARCH_USER_PATHS = NO;
				ASSETCATALOG_COMPILER_GENERATE_SWIFT_ASSET_SYMBOL_EXTENSIONS = YES;
				CLANG_ANALYZER_NONNULL = YES;
				CLANG_ANALYZER_NUMBER_OBJECT_CONVERSION = YES_AGGRESSIVE;
				CLANG_CXX_LANGUAGE_STANDARD = "gnu++20";
				CLANG_ENABLE_MODULES = YES;
				CLANG_ENABLE_OBJC_ARC = YES;
				CLANG_ENABLE_OBJC_WEAK = YES;
				CLANG_WARN_BLOCK_CAPTURE_AUTORELEASING = YES;
				CLANG_WARN_BOOL_CONVERSION = YES;
				CLANG_WARN_COMMA = YES;
				CLANG_WARN_CONSTANT_CONVERSION = YES;
				CLANG_WARN_DEPRECATED_OBJC_IMPLEMENTATIONS = YES;
				CLANG_WARN_DIRECT_OBJC_ISA_USAGE = YES_ERROR;
				CLANG_WARN_DOCUMENTATION_COMMENTS = YES;
				CLANG_WARN_EMPTY_BODY = YES;
				CLANG_WARN_ENUM_CONVERSION = YES;
				CLANG_WARN_INFINITE_RECURSION = YES;
				CLANG_WARN_INT_CONVERSION = YES;
				CLANG_WARN_NON_LITERAL_NULL_CONVERSION = YES;
				CLANG_WARN_OBJC_IMPLICIT_RETAIN_SELF = YES;
				CLANG_WARN_OBJC_LITERAL_CONVERSION = YES;
				CLANG_WARN_OBJC_ROOT_CLASS = YES_ERROR;
				CLANG_WARN_QUOTED_INCLUDE_IN_FRAMEWORK_HEADER = YES;
				CLANG_WARN_RANGE_LOOP_ANALYSIS = YES;
				CLANG_WARN_STRICT_PROTOTYPES = YES;
				CLANG_WARN_SUSPICIOUS_MOVE = YES;
				CLANG_WARN_UNGUARDED_AVAILABILITY = YES_AGGRESSIVE;
				CLANG_WARN_UNREACHABLE_CODE = YES;
				CLANG_WARN__DUPLICATE_METHOD_MATCH = YES;
				COPY_PHASE_STRIP = NO;
				DEBUG_INFORMATION_FORMAT = "dwarf-with-dsym";
				ENABLE_NS_ASSERTIONS = NO;
				ENABLE_STRICT_OBJC_MSGSEND = YES;
				ENABLE_USER_SCRIPT_SANDBOXING = YES;
				GCC_C_LANGUAGE_STANDARD = gnu17;
				GCC_NO_COMMON_BLOCKS = YES;
				GCC_WARN_64_TO_32_BIT_CONVERSION = YES;
				GCC_WARN_ABOUT_RETURN_TYPE = YES_ERROR;
				GCC_WARN_UNDECLARED_SELECTOR = YES;
				GCC_WARN_UNINITIALIZED_AUTOS = YES_AGGRESSIVE;
				GCC_WARN_UNUSED_FUNCTION = YES;
				GCC_WARN_UNUSED_VARIABLE = YES;
				IPHONEOS_DEPLOYMENT_TARGET = 17.0;
				LOCALIZATION_PREFERS_STRING_CATALOGS = YES;
				MTL_ENABLE_DEBUG_INFO = NO;
				MTL_FAST_MATH = YES;
				SDKROOT = iphoneos;
				SWIFT_COMPILATION_MODE = wholemodule;
				VALIDATE_PRODUCT = YES;
			};
			name = Release;
		};
		BD71A20C2B225E0B001E5377 /* Debug */ = {
			isa = XCBuildConfiguration;
			buildSettings = {
				ASSETCATALOG_COMPILER_APPICON_NAME = AppIcon;
				ASSETCATALOG_COMPILER_GLOBAL_ACCENT_COLOR_NAME = AccentColor;
				CODE_SIGN_STYLE = Automatic;
				CURRENT_PROJECT_VERSION = 1;
				DEVELOPMENT_ASSET_PATHS = "\"LoreOfLegends/Preview Content\"";
				DEVELOPMENT_TEAM = 3GK85Y429W;
				ENABLE_PREVIEWS = YES;
				GENERATE_INFOPLIST_FILE = YES;
				INFOPLIST_KEY_CFBundleDisplayName = "Lore Of Legends";
				INFOPLIST_KEY_LSApplicationCategoryType = "public.app-category.entertainment";
				INFOPLIST_KEY_UIApplicationSceneManifest_Generation = YES;
				INFOPLIST_KEY_UIApplicationSupportsIndirectInputEvents = YES;
				INFOPLIST_KEY_UILaunchScreen_Generation = YES;
				INFOPLIST_KEY_UILaunchStoryboardName = "Launch Screen.storyboard";
				INFOPLIST_KEY_UIStatusBarStyle = "";
				INFOPLIST_KEY_UISupportedInterfaceOrientations = UIInterfaceOrientationPortrait;
				LD_RUNPATH_SEARCH_PATHS = (
					"$(inherited)",
					"@executable_path/Frameworks",
				);
				MARKETING_VERSION = 1.0;
				PRODUCT_BUNDLE_IDENTIFIER = "com.peter-mihok.LoreOfLegends";
				PRODUCT_NAME = "$(TARGET_NAME)";
				SUPPORTED_PLATFORMS = "iphoneos iphonesimulator";
				SUPPORTS_MACCATALYST = NO;
				SUPPORTS_MAC_DESIGNED_FOR_IPHONE_IPAD = NO;
				SWIFT_EMIT_LOC_STRINGS = YES;
				SWIFT_VERSION = 5.0;
				TARGETED_DEVICE_FAMILY = 1;
			};
			name = Debug;
		};
		BD71A20D2B225E0B001E5377 /* Release */ = {
			isa = XCBuildConfiguration;
			buildSettings = {
				ASSETCATALOG_COMPILER_APPICON_NAME = AppIcon;
				ASSETCATALOG_COMPILER_GLOBAL_ACCENT_COLOR_NAME = AccentColor;
				CODE_SIGN_STYLE = Automatic;
				CURRENT_PROJECT_VERSION = 1;
				DEVELOPMENT_ASSET_PATHS = "\"LoreOfLegends/Preview Content\"";
				DEVELOPMENT_TEAM = 3GK85Y429W;
				ENABLE_PREVIEWS = YES;
				GENERATE_INFOPLIST_FILE = YES;
				INFOPLIST_KEY_CFBundleDisplayName = "Lore Of Legends";
				INFOPLIST_KEY_LSApplicationCategoryType = "public.app-category.entertainment";
				INFOPLIST_KEY_UIApplicationSceneManifest_Generation = YES;
				INFOPLIST_KEY_UIApplicationSupportsIndirectInputEvents = YES;
				INFOPLIST_KEY_UILaunchScreen_Generation = YES;
				INFOPLIST_KEY_UILaunchStoryboardName = "Launch Screen.storyboard";
				INFOPLIST_KEY_UIStatusBarStyle = "";
				INFOPLIST_KEY_UISupportedInterfaceOrientations = UIInterfaceOrientationPortrait;
				LD_RUNPATH_SEARCH_PATHS = (
					"$(inherited)",
					"@executable_path/Frameworks",
				);
				MARKETING_VERSION = 1.0;
				PRODUCT_BUNDLE_IDENTIFIER = "com.peter-mihok.LoreOfLegends";
				PRODUCT_NAME = "$(TARGET_NAME)";
				SUPPORTED_PLATFORMS = "iphoneos iphonesimulator";
				SUPPORTS_MACCATALYST = NO;
				SUPPORTS_MAC_DESIGNED_FOR_IPHONE_IPAD = NO;
				SWIFT_EMIT_LOC_STRINGS = YES;
				SWIFT_VERSION = 5.0;
				TARGETED_DEVICE_FAMILY = 1;
			};
			name = Release;
		};
/* End XCBuildConfiguration section */

/* Begin XCConfigurationList section */
		BD71A1F82B225E0A001E5377 /* Build configuration list for PBXProject "LoreOfLegends" */ = {
			isa = XCConfigurationList;
			buildConfigurations = (
				BD71A2092B225E0B001E5377 /* Debug */,
				BD71A20A2B225E0B001E5377 /* Release */,
			);
			defaultConfigurationIsVisible = 0;
			defaultConfigurationName = Release;
		};
		BD71A20B2B225E0B001E5377 /* Build configuration list for PBXNativeTarget "LoreOfLegends" */ = {
			isa = XCConfigurationList;
			buildConfigurations = (
				BD71A20C2B225E0B001E5377 /* Debug */,
				BD71A20D2B225E0B001E5377 /* Release */,
			);
			defaultConfigurationIsVisible = 0;
			defaultConfigurationName = Release;
		};
/* End XCConfigurationList section */

/* Begin XCRemoteSwiftPackageReference section */
		BD3AA6E22B29F76700DFD78A /* XCRemoteSwiftPackageReference "ScrollKit" */ = {
			isa = XCRemoteSwiftPackageReference;
			repositoryURL = "https://github.com/danielsaidi/ScrollKit.git";
			requirement = {
				kind = upToNextMajorVersion;
				minimumVersion = 0.4.0;
			};
		};
		BD71A2372B2265D5001E5377 /* XCRemoteSwiftPackageReference "swiftui-cached-async-image" */ = {
			isa = XCRemoteSwiftPackageReference;
			repositoryURL = "https://github.com/lorenzofiamingo/swiftui-cached-async-image";
			requirement = {
				kind = upToNextMajorVersion;
				minimumVersion = 2.1.1;
			};
		};
		BD902FB62B2B76D800CE53C9 /* XCRemoteSwiftPackageReference "SwiftUI-Shimmer" */ = {
			isa = XCRemoteSwiftPackageReference;
			repositoryURL = "https://github.com/markiv/SwiftUI-Shimmer";
			requirement = {
				kind = upToNextMajorVersion;
				minimumVersion = 1.4.0;
			};
		};
/* End XCRemoteSwiftPackageReference section */

/* Begin XCSwiftPackageProductDependency section */
		BD3AA6E32B29F76700DFD78A /* ScrollKit */ = {
			isa = XCSwiftPackageProductDependency;
			package = BD3AA6E22B29F76700DFD78A /* XCRemoteSwiftPackageReference "ScrollKit" */;
			productName = ScrollKit;
		};
		BD71A2382B2265D5001E5377 /* CachedAsyncImage */ = {
			isa = XCSwiftPackageProductDependency;
			package = BD71A2372B2265D5001E5377 /* XCRemoteSwiftPackageReference "swiftui-cached-async-image" */;
			productName = CachedAsyncImage;
		};
		BD902FB72B2B76D800CE53C9 /* Shimmer */ = {
			isa = XCSwiftPackageProductDependency;
			package = BD902FB62B2B76D800CE53C9 /* XCRemoteSwiftPackageReference "SwiftUI-Shimmer" */;
			productName = Shimmer;
		};
/* End XCSwiftPackageProductDependency section */
	};
	rootObject = BD71A1F52B225E0A001E5377 /* Project object */;
}
